
Microsoft Visual Studio Solution File, Format Version 12.00
# Visual Studio Version 17
VisualStudioVersion = 17.3.32929.385
MinimumVisualStudioVersion = 10.0.40219.1
Project("{FAE04EC0-301F-11D3-BF4B-00C04F79EFBC}") = "TestProjectDemo", "TestProjectDemo\TestProjectDemo.csproj", "{DE943F95-018C-4AB5-BA17-F222A257D1A7}"
EndProject
Global
	GlobalSection(SolutionConfigurationPlatforms) = preSolution
		Debug|Any CPU = Debug|Any CPU
		Release|Any CPU = Release|Any CPU
	EndGlobalSection
	GlobalSection(ProjectConfigurationPlatforms) = postSolution
		{DE943F95-018C-4AB5-BA17-F222A257D1A7}.Debug|Any CPU.ActiveCfg = Debug|Any CPU
		{DE943F95-018C-4AB5-BA17-F222A257D1A7}.Debug|Any CPU.Build.0 = Debug|Any CPU
		{DE943F95-018C-4AB5-BA17-F222A257D1A7}.Release|Any CPU.ActiveCfg = Release|Any CPU
		{DE943F95-018C-4AB5-BA17-F222A257D1A7}.Release|Any CPU.Build.0 = Release|Any CPU
	EndGlobalSection
	GlobalSection(SolutionProperties) = preSolution
		HideSolutionNode = FALSE
	EndGlobalSection
	GlobalSection(ExtensibilityGlobals) = postSolution
		SolutionGuid = {541930A7-3F60-4089-919F-FFFE7DC9DECA}
	EndGlobalSection
EndGlobal
